// !$*UTF8*$!
{
	archiveVersion = 1;
	classes = {
	};
	objectVersion = 50;
	objects = {

/* Begin PBXBuildFile section */
		963621AD2277D06E003A0CBA /* my_assembler_20162489.c in Sources */ = {isa = PBXBuildFile; fileRef = 963621A72277D06E003A0CBA /* my_assembler_20162489.c */; };
/* End PBXBuildFile section */

/* Begin PBXCopyFilesBuildPhase section */
		963621992277CFFA003A0CBA /* CopyFiles */ = {
			isa = PBXCopyFilesBuildPhase;
			buildActionMask = 2147483647;
			dstPath = /usr/share/man/man1/;
			dstSubfolderSpec = 0;
			files = (
			);
			runOnlyForDeploymentPostprocessing = 1;
		};
/* End PBXCopyFilesBuildPhase section */

/* Begin PBXFileReference section */
		9636219B2277CFFA003A0CBA /* Assembler */ = {isa = PBXFileReference; explicitFileType = "compiled.mach-o.executable"; includeInIndex = 0; path = Assembler; sourceTree = BUILT_PRODUCTS_DIR; };
		963621A52277D06E003A0CBA /* Opcodes.txt */ = {isa = PBXFileReference; fileEncoding = 4; lastKnownFileType = text; path = Opcodes.txt; sourceTree = "<group>"; };
		963621A62277D06E003A0CBA /* inst.data */ = {isa = PBXFileReference; fileEncoding = 4; lastKnownFileType = text; path = inst.data; sourceTree = "<group>"; };
		963621A72277D06E003A0CBA /* my_assembler_20162489.c */ = {isa = PBXFileReference; fileEncoding = 4; lastKnownFileType = sourcecode.c.c; path = my_assembler_20162489.c; sourceTree = "<group>"; };
		963621A82277D06E003A0CBA /* symtab_20162489 */ = {isa = PBXFileReference; fileEncoding = 4; lastKnownFileType = text; path = symtab_20162489; sourceTree = "<group>"; };
		963621A92277D06E003A0CBA /* directive.data */ = {isa = PBXFileReference; fileEncoding = 4; lastKnownFileType = text; path = directive.data; sourceTree = "<group>"; };
		963621AA2277D06E003A0CBA /* output_20162489 */ = {isa = PBXFileReference; fileEncoding = 4; lastKnownFileType = text; path = output_20162489; sourceTree = "<group>"; };
		963621AB2277D06E003A0CBA /* input.txt */ = {isa = PBXFileReference; fileEncoding = 4; lastKnownFileType = text; path = input.txt; sourceTree = "<group>"; };
		963621AC2277D06E003A0CBA /* my_assembler_20162489.h */ = {isa = PBXFileReference; fileEncoding = 4; lastKnownFileType = sourcecode.c.h; path = my_assembler_20162489.h; sourceTree = "<group>"; };
/* End PBXFileReference section */

/* Begin PBXFrameworksBuildPhase section */
		963621982277CFFA003A0CBA /* Frameworks */ = {
			isa = PBXFrameworksBuildPhase;
			buildActionMask = 2147483647;
			files = (
			);
			runOnlyForDeploymentPostprocessing = 0;
		};
/* End PBXFrameworksBuildPhase section */

/* Begin PBXGroup section */
		963621922277CFFA003A0CBA = {
			isa = PBXGroup;
			children = (
				9636219D2277CFFA003A0CBA /* Assembler */,
				9636219C2277CFFA003A0CBA /* Products */,
			);
			sourceTree = "<group>";
		};
		9636219C2277CFFA003A0CBA /* Products */ = {
			isa = PBXGroup;
			children = (
				9636219B2277CFFA003A0CBA /* Assembler */,
			);
			name = Products;
			sourceTree = "<group>";
		};
		9636219D2277CFFA003A0CBA /* Assembler */ = {
			isa = PBXGroup;
			children = (
				963621A92277D06E003A0CBA /* directive.data */,
				963621AB2277D06E003A0CBA /* input.txt */,
				963621A62277D06E003A0CBA /* inst.data */,
				963621A72277D06E003A0CBA /* my_assembler_20162489.c */,
				963621AC2277D06E003A0CBA /* my_assembler_20162489.h */,
				963621A52277D06E003A0CBA /* Opcodes.txt */,
				963621AA2277D06E003A0CBA /* output_20162489 */,
				963621A82277D06E003A0CBA /* symtab_20162489 */,
			);
			path = Assembler;
			sourceTree = "<group>";
		};
/* End PBXGroup section */

/* Begin PBXNativeTarget section */
		9636219A2277CFFA003A0CBA /* Assembler */ = {
			isa = PBXNativeTarget;
			buildConfigurationList = 963621A22277CFFA003A0CBA /* Build configuration list for PBXNativeTarget "Assembler" */;
			buildPhases = (
				963621972277CFFA003A0CBA /* Sources */,
				963621982277CFFA003A0CBA /* Frameworks */,
				963621992277CFFA003A0CBA /* CopyFiles */,
			);
			buildRules = (
			);
			dependencies = (
			);
			name = Assembler;
			productName = Assembler;
			productReference = 9636219B2277CFFA003A0CBA /* Assembler */;
			productType = "com.apple.product-type.tool";
		};
/* End PBXNativeTarget section */

/* Begin PBXProject section */
		963621932277CFFA003A0CBA /* Project object */ = {
			isa = PBXProject;
			attributes = {
				LastUpgradeCheck = 1020;
				ORGANIZATIONNAME = dongkyoo;
				TargetAttributes = {
					9636219A2277CFFA003A0CBA = {
						CreatedOnToolsVersion = 10.2.1;
					};
				};
			};
			buildConfigurationList = 963621962277CFFA003A0CBA /* Build configuration list for PBXProject "Assembler" */;
			compatibilityVersion = "Xcode 9.3";
			developmentRegion = en;
			hasScannedForEncodings = 0;
			knownRegions = (
				en,
			);
			mainGroup = 963621922277CFFA003A0CBA;
			productRefGroup = 9636219C2277CFFA003A0CBA /* Products */;
			projectDirPath = "";
			projectRoot = "";
			targets = (
				9636219A2277CFFA003A0CBA /* Assembler */,
			);
		};
/* End PBXProject section */

/* Begin PBXSourcesBuildPhase section */
		963621972277CFFA003A0CBA /* Sources */ = {
			isa = PBXSourcesBuildPhase;
			buildActionMask = 2147483647;
			files = (
				963621AD2277D06E003A0CBA /* my_assembler_20162489.c in Sources */,
			);
			runOnlyForDeploymentPostprocessing = 0;
		};
/* End PBXSourcesBuildPhase section */

/* Begin XCBuildConfiguration section */
		963621A02277CFFA003A0CBA /* Debug */ = {
			isa = XCBuildConfiguration;
			buildSettings = {
				ALWAYS_SEARCH_USER_PATHS = NO;
				CLANG_ANALYZER_NONNULL = YES;
				CLANG_ANALYZER_NUMBER_OBJECT_CONVERSION = YES_AGGRESSIVE;
				CLANG_CXX_LANGUAGE_STANDARD = "gnu++14";
				CLANG_CXX_LIBRARY = "libc++";
				CLANG_ENABLE_MODULES = YES;
				CLANG_ENABLE_OBJC_ARC = YES;
				CLANG_ENABLE_OBJC_WEAK = YES;
				CLANG_WARN_BLOCK_CAPTURE_AUTORELEASING = YES;
				CLANG_WARN_BOOL_CONVERSION = YES;
				CLANG_WARN_COMMA = YES;
				CLANG_WARN_CONSTANT_CONVERSION = YES;
				CLANG_WARN_DEPRECATED_OBJC_IMPLEMENTATIONS = YES;
				CLANG_WARN_DIRECT_OBJC_ISA_USAGE = YES_ERROR;
				CLANG_WARN_DOCUMENTATION_COMMENTS = YES;
				CLANG_WARN_EMPTY_BODY = YES;
				CLANG_WARN_ENUM_CONVERSION = YES;
				CLANG_WARN_INFINITE_RECURSION = YES;
				CLANG_WARN_INT_CONVERSION = YES;
				CLANG_WARN_NON_LITERAL_NULL_CONVERSION = YES;
				CLANG_WARN_OBJC_IMPLICIT_RETAIN_SELF = YES;
				CLANG_WARN_OBJC_LITERAL_CONVERSION = YES;
				CLANG_WARN_OBJC_ROOT_CLASS = YES_ERROR;
				CLANG_WARN_RANGE_LOOP_ANALYSIS = YES;
				CLANG_WARN_STRICT_PROTOTYPES = YES;
				CLANG_WARN_SUSPICIOUS_MOVE = YES;
				CLANG_WARN_UNGUARDED_AVAILABILITY = YES_AGGRESSIVE;
				CLANG_WARN_UNREACHABLE_CODE = YES;
				CLANG_WARN__DUPLICATE_METHOD_MATCH = YES;
				CODE_SIGN_IDENTITY = "-";
				COPY_PHASE_STRIP = NO;
				DEBUG_INFORMATION_FORMAT = dwarf;
				ENABLE_STRICT_OBJC_MSGSEND = YES;
				ENABLE_TESTABILITY = YES;
				GCC_C_LANGUAGE_STANDARD = gnu11;
				GCC_DYNAMIC_NO_PIC = NO;
				GCC_NO_COMMON_BLOCKS = YES;
				GCC_OPTIMIZATION_LEVEL = 0;
				GCC_PREPROCESSOR_DEFINITIONS = (
					"DEBUG=1",
					"$(inherited)",
				);
				GCC_WARN_64_TO_32_BIT_CONVERSION = YES;
				GCC_WARN_ABOUT_RETURN_TYPE = YES_ERROR;
				GCC_WARN_UNDECLARED_SELECTOR = YES;
				GCC_WARN_UNINITIALIZED_AUTOS = YES_AGGRESSIVE;
				GCC_WARN_UNUSED_FUNCTION = YES;
				GCC_WARN_UNUSED_VARIABLE = YES;
				MACOSX_DEPLOYMENT_TARGET = 10.14;
				MTL_ENABLE_DEBUG_INFO = INCLUDE_SOURCE;
				MTL_FAST_MATH = YES;
				ONLY_ACTIVE_ARCH = YES;
				SDKROOT = macosx;
			};
			name = Debug;
		};
		963621A12277CFFA003A0CBA /* Release */ = {
			isa = XCBuildConfiguration;
			buildSettings = {
				ALWAYS_SEARCH_USER_PATHS = NO;
				CLANG_ANALYZER_NONNULL = YES;
				CLANG_ANALYZER_NUMBER_OBJECT_CONVERSION = YES_AGGRESSIVE;
				CLANG_CXX_LANGUAGE_STANDARD = "gnu++14";
				CLANG_CXX_LIBRARY = "libc++";
				CLANG_ENABLE_MODULES = YES;
				CLANG_ENABLE_OBJC_ARC = YES;
				CLANG_ENABLE_OBJC_WEAK = YES;
				CLANG_WARN_BLOCK_CAPTURE_AUTORELEASING = YES;
				CLANG_WARN_BOOL_CONVERSION = YES;
				CLANG_WARN_COMMA = YES;
				CLANG_WARN_CONSTANT_CONVERSION = YES;
				CLANG_WARN_DEPRECATED_OBJC_IMPLEMENTATIONS = YES;
				CLANG_WARN_DIRECT_OBJC_ISA_USAGE = YES_ERROR;
				CLANG_WARN_DOCUMENTATION_COMMENTS = YES;
				CLANG_WARN_EMPTY_BODY = YES;
				CLANG_WARN_ENUM_CONVERSION = YES;
				CLANG_WARN_INFINITE_RECURSION = YES;
				CLANG_WARN_INT_CONVERSION = YES;
				CLANG_WARN_NON_LITERAL_NULL_CONVERSION = YES;
				CLANG_WARN_OBJC_IMPLICIT_RETAIN_SELF = YES;
				CLANG_WARN_OBJC_LITERAL_CONVERSION = YES;
				CLANG_WARN_OBJC_ROOT_CLASS = YES_ERROR;
				CLANG_WARN_RANGE_LOOP_ANALYSIS = YES;
				CLANG_WARN_STRICT_PROTOTYPES = YES;
				CLANG_WARN_SUSPICIOUS_MOVE = YES;
				CLANG_WARN_UNGUARDED_AVAILABILITY = YES_AGGRESSIVE;
				CLANG_WARN_UNREACHABLE_CODE = YES;
				CLANG_WARN__DUPLICATE_METHOD_MATCH = YES;
				CODE_SIGN_IDENTITY = "-";
				COPY_PHASE_STRIP = NO;
				DEBUG_INFORMATION_FORMAT = "dwarf-with-dsym";
				ENABLE_NS_ASSERTIONS = NO;
				ENABLE_STRICT_OBJC_MSGSEND = YES;
				GCC_C_LANGUAGE_STANDARD = gnu11;
				GCC_NO_COMMON_BLOCKS = YES;
				GCC_WARN_64_TO_32_BIT_CONVERSION = YES;
				GCC_WARN_ABOUT_RETURN_TYPE = YES_ERROR;
				GCC_WARN_UNDECLARED_SELECTOR = YES;
				GCC_WARN_UNINITIALIZED_AUTOS = YES_AGGRESSIVE;
				GCC_WARN_UNUSED_FUNCTION = YES;
				GCC_WARN_UNUSED_VARIABLE = YES;
				MACOSX_DEPLOYMENT_TARGET = 10.14;
				MTL_ENABLE_DEBUG_INFO = NO;
				MTL_FAST_MATH = YES;
				SDKROOT = macosx;
			};
			name = Release;
		};
		963621A32277CFFA003A0CBA /* Debug */ = {
			isa = XCBuildConfiguration;
			buildSettings = {
				CODE_SIGN_STYLE = Automatic;
				PRODUCT_NAME = "$(TARGET_NAME)";
			};
			name = Debug;
		};
		963621A42277CFFA003A0CBA /* Release */ = {
			isa = XCBuildConfiguration;
			buildSettings = {
				CODE_SIGN_STYLE = Automatic;
				PRODUCT_NAME = "$(TARGET_NAME)";
			};
			name = Release;
		};
/* End XCBuildConfiguration section */

/* Begin XCConfigurationList section */
		963621962277CFFA003A0CBA /* Build configuration list for PBXProject "Assembler" */ = {
			isa = XCConfigurationList;
			buildConfigurations = (
				963621A02277CFFA003A0CBA /* Debug */,
				963621A12277CFFA003A0CBA /* Release */,
			);
			defaultConfigurationIsVisible = 0;
			defaultConfigurationName = Release;
		};
		963621A22277CFFA003A0CBA /* Build configuration list for PBXNativeTarget "Assembler" */ = {
			isa = XCConfigurationList;
			buildConfigurations = (
				963621A32277CFFA003A0CBA /* Debug */,
				963621A42277CFFA003A0CBA /* Release */,
			);
			defaultConfigurationIsVisible = 0;
			defaultConfigurationName = Release;
		};
/* End XCConfigurationList section */
	};
	rootObject = 963621932277CFFA003A0CBA /* Project object */;
}
